// !$*UTF8*$!
{
	archiveVersion = 1;
	classes = {
	};
	objectVersion = 56;
	objects = {

/* Begin PBXBuildFile section */
		48B980E92B7E5745008B73F6 /* PlayerCell.swift in Sources */ = {isa = PBXBuildFile; fileRef = 48B980E82B7E5745008B73F6 /* PlayerCell.swift */; };
		48B980EC2B7E64BF008B73F6 /* NetworkManager.swift in Sources */ = {isa = PBXBuildFile; fileRef = 48B980EB2B7E64BF008B73F6 /* NetworkManager.swift */; };
		48E077632B6958EA005DBC29 /* AppDelegate.swift in Sources */ = {isa = PBXBuildFile; fileRef = 48E077622B6958EA005DBC29 /* AppDelegate.swift */; };
		48E077652B6958EA005DBC29 /* SceneDelegate.swift in Sources */ = {isa = PBXBuildFile; fileRef = 48E077642B6958EA005DBC29 /* SceneDelegate.swift */; };
		48E077672B6958EA005DBC29 /* PlayersViewController.swift in Sources */ = {isa = PBXBuildFile; fileRef = 48E077662B6958EA005DBC29 /* PlayersViewController.swift */; };
		48E0776A2B6958EA005DBC29 /* Main.storyboard in Resources */ = {isa = PBXBuildFile; fileRef = 48E077682B6958EA005DBC29 /* Main.storyboard */; };
		48E0776C2B6958EC005DBC29 /* Assets.xcassets in Resources */ = {isa = PBXBuildFile; fileRef = 48E0776B2B6958EC005DBC29 /* Assets.xcassets */; };
		48E0776F2B6958EC005DBC29 /* LaunchScreen.storyboard in Resources */ = {isa = PBXBuildFile; fileRef = 48E0776D2B6958EC005DBC29 /* LaunchScreen.storyboard */; };
		48E077772B695A2D005DBC29 /* PlayerInfo.swift in Sources */ = {isa = PBXBuildFile; fileRef = 48E077762B695A2D005DBC29 /* PlayerInfo.swift */; };
/* End PBXBuildFile section */

/* Begin PBXFileReference section */
		48B980E82B7E5745008B73F6 /* PlayerCell.swift */ = {isa = PBXFileReference; lastKnownFileType = sourcecode.swift; path = PlayerCell.swift; sourceTree = "<group>"; };
		48B980EB2B7E64BF008B73F6 /* NetworkManager.swift */ = {isa = PBXFileReference; lastKnownFileType = sourcecode.swift; path = NetworkManager.swift; sourceTree = "<group>"; };
		48E0775F2B6958EA005DBC29 /* NBAPlayers.app */ = {isa = PBXFileReference; explicitFileType = wrapper.application; includeInIndex = 0; path = NBAPlayers.app; sourceTree = BUILT_PRODUCTS_DIR; };
		48E077622B6958EA005DBC29 /* AppDelegate.swift */ = {isa = PBXFileReference; lastKnownFileType = sourcecode.swift; path = AppDelegate.swift; sourceTree = "<group>"; };
		48E077642B6958EA005DBC29 /* SceneDelegate.swift */ = {isa = PBXFileReference; lastKnownFileType = sourcecode.swift; path = SceneDelegate.swift; sourceTree = "<group>"; };
		48E077662B6958EA005DBC29 /* PlayersViewController.swift */ = {isa = PBXFileReference; lastKnownFileType = sourcecode.swift; path = PlayersViewController.swift; sourceTree = "<group>"; };
		48E077692B6958EA005DBC29 /* Base */ = {isa = PBXFileReference; lastKnownFileType = file.storyboard; name = Base; path = Base.lproj/Main.storyboard; sourceTree = "<group>"; };
		48E0776B2B6958EC005DBC29 /* Assets.xcassets */ = {isa = PBXFileReference; lastKnownFileType = folder.assetcatalog; path = Assets.xcassets; sourceTree = "<group>"; };
		48E0776E2B6958EC005DBC29 /* Base */ = {isa = PBXFileReference; lastKnownFileType = file.storyboard; name = Base; path = Base.lproj/LaunchScreen.storyboard; sourceTree = "<group>"; };
		48E077702B6958EC005DBC29 /* Info.plist */ = {isa = PBXFileReference; lastKnownFileType = text.plist.xml; path = Info.plist; sourceTree = "<group>"; };
		48E077762B695A2D005DBC29 /* PlayerInfo.swift */ = {isa = PBXFileReference; lastKnownFileType = sourcecode.swift; path = PlayerInfo.swift; sourceTree = "<group>"; };
/* End PBXFileReference section */

/* Begin PBXFrameworksBuildPhase section */
		48E0775C2B6958E9005DBC29 /* Frameworks */ = {
			isa = PBXFrameworksBuildPhase;
			buildActionMask = 2147483647;
			files = (
			);
			runOnlyForDeploymentPostprocessing = 0;
		};
/* End PBXFrameworksBuildPhase section */

/* Begin PBXGroup section */
		48B980EA2B7E58C0008B73F6 /* Views */ = {
			isa = PBXGroup;
			children = (
				48B980E82B7E5745008B73F6 /* PlayerCell.swift */,
			);
			path = Views;
			sourceTree = "<group>";
		};
		48B980ED2B7E64C3008B73F6 /* Services */ = {
			isa = PBXGroup;
			children = (
				48B980EB2B7E64BF008B73F6 /* NetworkManager.swift */,
			);
			path = Services;
			sourceTree = "<group>";
		};
		48E077562B6958E9005DBC29 = {
			isa = PBXGroup;
			children = (
				48E077612B6958EA005DBC29 /* NBAPlayers */,
				48E077602B6958EA005DBC29 /* Products */,
			);
			sourceTree = "<group>";
		};
		48E077602B6958EA005DBC29 /* Products */ = {
			isa = PBXGroup;
			children = (
				48E0775F2B6958EA005DBC29 /* NBAPlayers.app */,
			);
			name = Products;
			sourceTree = "<group>";
		};
		48E077612B6958EA005DBC29 /* NBAPlayers */ = {
			isa = PBXGroup;
			children = (
				48E077792B695C0F005DBC29 /* ViewControllers */,
				48B980EA2B7E58C0008B73F6 /* Views */,
				48E0777A2B695C1A005DBC29 /* Models */,
				48B980ED2B7E64C3008B73F6 /* Services */,
				48E0777B2B695C29005DBC29 /* Storyboards */,
				48E077782B695C05005DBC29 /* App */,
				48E0776B2B6958EC005DBC29 /* Assets.xcassets */,
			);
			path = NBAPlayers;
			sourceTree = "<group>";
		};
		48E077782B695C05005DBC29 /* App */ = {
			isa = PBXGroup;
			children = (
				48E077622B6958EA005DBC29 /* AppDelegate.swift */,
				48E077642B6958EA005DBC29 /* SceneDelegate.swift */,
				48E077702B6958EC005DBC29 /* Info.plist */,
			);
			path = App;
			sourceTree = "<group>";
		};
		48E077792B695C0F005DBC29 /* ViewControllers */ = {
			isa = PBXGroup;
			children = (
				48E077662B6958EA005DBC29 /* PlayersViewController.swift */,
			);
			path = ViewControllers;
			sourceTree = "<group>";
		};
		48E0777A2B695C1A005DBC29 /* Models */ = {
			isa = PBXGroup;
			children = (
				48E077762B695A2D005DBC29 /* PlayerInfo.swift */,
			);
			path = Models;
			sourceTree = "<group>";
		};
		48E0777B2B695C29005DBC29 /* Storyboards */ = {
			isa = PBXGroup;
			children = (
				48E077682B6958EA005DBC29 /* Main.storyboard */,
				48E0776D2B6958EC005DBC29 /* LaunchScreen.storyboard */,
			);
			path = Storyboards;
			sourceTree = "<group>";
		};
/* End PBXGroup section */

/* Begin PBXNativeTarget section */
		48E0775E2B6958E9005DBC29 /* NBAPlayers */ = {
			isa = PBXNativeTarget;
			buildConfigurationList = 48E077732B6958EC005DBC29 /* Build configuration list for PBXNativeTarget "NBAPlayers" */;
			buildPhases = (
				48E0775B2B6958E9005DBC29 /* Sources */,
				48E0775C2B6958E9005DBC29 /* Frameworks */,
				48E0775D2B6958E9005DBC29 /* Resources */,
			);
			buildRules = (
			);
			dependencies = (
			);
			name = NBAPlayers;
			productName = NBAPlayers;
			productReference = 48E0775F2B6958EA005DBC29 /* NBAPlayers.app */;
			productType = "com.apple.product-type.application";
		};
/* End PBXNativeTarget section */

/* Begin PBXProject section */
		48E077572B6958E9005DBC29 /* Project object */ = {
			isa = PBXProject;
			attributes = {
				BuildIndependentTargetsInParallel = 1;
				LastSwiftUpdateCheck = 1520;
				LastUpgradeCheck = 1520;
				TargetAttributes = {
					48E0775E2B6958E9005DBC29 = {
						CreatedOnToolsVersion = 15.2;
					};
				};
			};
			buildConfigurationList = 48E0775A2B6958E9005DBC29 /* Build configuration list for PBXProject "NBAPlayers" */;
			compatibilityVersion = "Xcode 14.0";
			developmentRegion = en;
			hasScannedForEncodings = 0;
			knownRegions = (
				en,
				Base,
			);
			mainGroup = 48E077562B6958E9005DBC29;
			productRefGroup = 48E077602B6958EA005DBC29 /* Products */;
			projectDirPath = "";
			projectRoot = "";
			targets = (
				48E0775E2B6958E9005DBC29 /* NBAPlayers */,
			);
		};
/* End PBXProject section */

/* Begin PBXResourcesBuildPhase section */
		48E0775D2B6958E9005DBC29 /* Resources */ = {
			isa = PBXResourcesBuildPhase;
			buildActionMask = 2147483647;
			files = (
				48E0776F2B6958EC005DBC29 /* LaunchScreen.storyboard in Resources */,
				48E0776C2B6958EC005DBC29 /* Assets.xcassets in Resources */,
				48E0776A2B6958EA005DBC29 /* Main.storyboard in Resources */,
			);
			runOnlyForDeploymentPostprocessing = 0;
		};
/* End PBXResourcesBuildPhase section */

/* Begin PBXSourcesBuildPhase section */
		48E0775B2B6958E9005DBC29 /* Sources */ = {
			isa = PBXSourcesBuildPhase;
			buildActionMask = 2147483647;
			files = (
				48B980EC2B7E64BF008B73F6 /* NetworkManager.swift in Sources */,
				48E077772B695A2D005DBC29 /* PlayerInfo.swift in Sources */,
				48E077672B6958EA005DBC29 /* PlayersViewController.swift in Sources */,
				48E077632B6958EA005DBC29 /* AppDelegate.swift in Sources */,
				48E077652B6958EA005DBC29 /* SceneDelegate.swift in Sources */,
				48B980E92B7E5745008B73F6 /* PlayerCell.swift in Sources */,
			);
			runOnlyForDeploymentPostprocessing = 0;
		};
/* End PBXSourcesBuildPhase section */

/* Begin PBXVariantGroup section */
		48E077682B6958EA005DBC29 /* Main.storyboard */ = {
			isa = PBXVariantGroup;
			children = (
				48E077692B6958EA005DBC29 /* Base */,
			);
			name = Main.storyboard;
			sourceTree = "<group>";
		};
		48E0776D2B6958EC005DBC29 /* LaunchScreen.storyboard */ = {
			isa = PBXVariantGroup;
			children = (
				48E0776E2B6958EC005DBC29 /* Base */,
			);
			name = LaunchScreen.storyboard;
			sourceTree = "<group>";
		};
/* End PBXVariantGroup section */

/* Begin XCBuildConfiguration section */
		48E077712B6958EC005DBC29 /* Debug */ = {
			isa = XCBuildConfiguration;
			buildSettings = {
				ALWAYS_SEARCH_USER_PATHS = NO;
				ASSETCATALOG_COMPILER_GENERATE_SWIFT_ASSET_SYMBOL_EXTENSIONS = YES;
				CLANG_ANALYZER_NONNULL = YES;
				CLANG_ANALYZER_NUMBER_OBJECT_CONVERSION = YES_AGGRESSIVE;
				CLANG_CXX_LANGUAGE_STANDARD = "gnu++20";
				CLANG_ENABLE_MODULES = YES;
				CLANG_ENABLE_OBJC_ARC = YES;
				CLANG_ENABLE_OBJC_WEAK = YES;
				CLANG_WARN_BLOCK_CAPTURE_AUTORELEASING = YES;
				CLANG_WARN_BOOL_CONVERSION = YES;
				CLANG_WARN_COMMA = YES;
				CLANG_WARN_CONSTANT_CONVERSION = YES;
				CLANG_WARN_DEPRECATED_OBJC_IMPLEMENTATIONS = YES;
				CLANG_WARN_DIRECT_OBJC_ISA_USAGE = YES_ERROR;
				CLANG_WARN_DOCUMENTATION_COMMENTS = YES;
				CLANG_WARN_EMPTY_BODY = YES;
				CLANG_WARN_ENUM_CONVERSION = YES;
				CLANG_WARN_INFINITE_RECURSION = YES;
				CLANG_WARN_INT_CONVERSION = YES;
				CLANG_WARN_NON_LITERAL_NULL_CONVERSION = YES;
				CLANG_WARN_OBJC_IMPLICIT_RETAIN_SELF = YES;
				CLANG_WARN_OBJC_LITERAL_CONVERSION = YES;
				CLANG_WARN_OBJC_ROOT_CLASS = YES_ERROR;
				CLANG_WARN_QUOTED_INCLUDE_IN_FRAMEWORK_HEADER = YES;
				CLANG_WARN_RANGE_LOOP_ANALYSIS = YES;
				CLANG_WARN_STRICT_PROTOTYPES = YES;
				CLANG_WARN_SUSPICIOUS_MOVE = YES;
				CLANG_WARN_UNGUARDED_AVAILABILITY = YES_AGGRESSIVE;
				CLANG_WARN_UNREACHABLE_CODE = YES;
				CLANG_WARN__DUPLICATE_METHOD_MATCH = YES;
				COPY_PHASE_STRIP = NO;
				DEBUG_INFORMATION_FORMAT = dwarf;
				ENABLE_STRICT_OBJC_MSGSEND = YES;
				ENABLE_TESTABILITY = YES;
				ENABLE_USER_SCRIPT_SANDBOXING = YES;
				GCC_C_LANGUAGE_STANDARD = gnu17;
				GCC_DYNAMIC_NO_PIC = NO;
				GCC_NO_COMMON_BLOCKS = YES;
				GCC_OPTIMIZATION_LEVEL = 0;
				GCC_PREPROCESSOR_DEFINITIONS = (
					"DEBUG=1",
					"$(inherited)",
				);
				GCC_WARN_64_TO_32_BIT_CONVERSION = YES;
				GCC_WARN_ABOUT_RETURN_TYPE = YES_ERROR;
				GCC_WARN_UNDECLARED_SELECTOR = YES;
				GCC_WARN_UNINITIALIZED_AUTOS = YES_AGGRESSIVE;
				GCC_WARN_UNUSED_FUNCTION = YES;
				GCC_WARN_UNUSED_VARIABLE = YES;
				IPHONEOS_DEPLOYMENT_TARGET = 17.2;
				LOCALIZATION_PREFERS_STRING_CATALOGS = YES;
				MTL_ENABLE_DEBUG_INFO = INCLUDE_SOURCE;
				MTL_FAST_MATH = YES;
				ONLY_ACTIVE_ARCH = YES;
				SDKROOT = iphoneos;
				SWIFT_ACTIVE_COMPILATION_CONDITIONS = "DEBUG $(inherited)";
				SWIFT_OPTIMIZATION_LEVEL = "-Onone";
			};
			name = Debug;
		};
		48E077722B6958EC005DBC29 /* Release */ = {
			isa = XCBuildConfiguration;
			buildSettings = {
				ALWAYS_SEARCH_USER_PATHS = NO;
				ASSETCATALOG_COMPILER_GENERATE_SWIFT_ASSET_SYMBOL_EXTENSIONS = YES;
				CLANG_ANALYZER_NONNULL = YES;
				CLANG_ANALYZER_NUMBER_OBJECT_CONVERSION = YES_AGGRESSIVE;
				CLANG_CXX_LANGUAGE_STANDARD = "gnu++20";
				CLANG_ENABLE_MODULES = YES;
				CLANG_ENABLE_OBJC_ARC = YES;
				CLANG_ENABLE_OBJC_WEAK = YES;
				CLANG_WARN_BLOCK_CAPTURE_AUTORELEASING = YES;
				CLANG_WARN_BOOL_CONVERSION = YES;
				CLANG_WARN_COMMA = YES;
				CLANG_WARN_CONSTANT_CONVERSION = YES;
				CLANG_WARN_DEPRECATED_OBJC_IMPLEMENTATIONS = YES;
				CLANG_WARN_DIRECT_OBJC_ISA_USAGE = YES_ERROR;
				CLANG_WARN_DOCUMENTATION_COMMENTS = YES;
				CLANG_WARN_EMPTY_BODY = YES;
				CLANG_WARN_ENUM_CONVERSION = YES;
				CLANG_WARN_INFINITE_RECURSION = YES;
				CLANG_WARN_INT_CONVERSION = YES;
				CLANG_WARN_NON_LITERAL_NULL_CONVERSION = YES;
				CLANG_WARN_OBJC_IMPLICIT_RETAIN_SELF = YES;
				CLANG_WARN_OBJC_LITERAL_CONVERSION = YES;
				CLANG_WARN_OBJC_ROOT_CLASS = YES_ERROR;
				CLANG_WARN_QUOTED_INCLUDE_IN_FRAMEWORK_HEADER = YES;
				CLANG_WARN_RANGE_LOOP_ANALYSIS = YES;
				CLANG_WARN_STRICT_PROTOTYPES = YES;
				CLANG_WARN_SUSPICIOUS_MOVE = YES;
				CLANG_WARN_UNGUARDED_AVAILABILITY = YES_AGGRESSIVE;
				CLANG_WARN_UNREACHABLE_CODE = YES;
				CLANG_WARN__DUPLICATE_METHOD_MATCH = YES;
				COPY_PHASE_STRIP = NO;
				DEBUG_INFORMATION_FORMAT = "dwarf-with-dsym";
				ENABLE_NS_ASSERTIONS = NO;
				ENABLE_STRICT_OBJC_MSGSEND = YES;
				ENABLE_USER_SCRIPT_SANDBOXING = YES;
				GCC_C_LANGUAGE_STANDARD = gnu17;
				GCC_NO_COMMON_BLOCKS = YES;
				GCC_WARN_64_TO_32_BIT_CONVERSION = YES;
				GCC_WARN_ABOUT_RETURN_TYPE = YES_ERROR;
				GCC_WARN_UNDECLARED_SELECTOR = YES;
				GCC_WARN_UNINITIALIZED_AUTOS = YES_AGGRESSIVE;
				GCC_WARN_UNUSED_FUNCTION = YES;
				GCC_WARN_UNUSED_VARIABLE = YES;
				IPHONEOS_DEPLOYMENT_TARGET = 17.2;
				LOCALIZATION_PREFERS_STRING_CATALOGS = YES;
				MTL_ENABLE_DEBUG_INFO = NO;
				MTL_FAST_MATH = YES;
				SDKROOT = iphoneos;
				SWIFT_COMPILATION_MODE = wholemodule;
				VALIDATE_PRODUCT = YES;
			};
			name = Release;
		};
		48E077742B6958EC005DBC29 /* Debug */ = {
			isa = XCBuildConfiguration;
			buildSettings = {
				ASSETCATALOG_COMPILER_APPICON_NAME = AppIcon;
				ASSETCATALOG_COMPILER_GLOBAL_ACCENT_COLOR_NAME = AccentColor;
				CODE_SIGN_STYLE = Automatic;
				CURRENT_PROJECT_VERSION = 1;
				GENERATE_INFOPLIST_FILE = YES;
				INFOPLIST_FILE = NBAPlayers/App/Info.plist;
				INFOPLIST_KEY_UIApplicationSupportsIndirectInputEvents = YES;
				INFOPLIST_KEY_UILaunchStoryboardName = LaunchScreen;
				INFOPLIST_KEY_UIMainStoryboardFile = Main;
				INFOPLIST_KEY_UISupportedInterfaceOrientations = UIInterfaceOrientationPortrait;
				INFOPLIST_KEY_UISupportedInterfaceOrientations_iPad = "UIInterfaceOrientationLandscapeLeft UIInterfaceOrientationLandscapeRight UIInterfaceOrientationPortrait UIInterfaceOrientationPortraitUpsideDown";
				LD_RUNPATH_SEARCH_PATHS = (
					"$(inherited)",
					"@executable_path/Frameworks",
				);
				MARKETING_VERSION = 1.0;
				PRODUCT_BUNDLE_IDENTIFIER = utkina.NBAPlayers;
				PRODUCT_NAME = "$(TARGET_NAME)";
				SUPPORTED_PLATFORMS = "iphoneos iphonesimulator";
				SUPPORTS_MACCATALYST = NO;
				SUPPORTS_MAC_DESIGNED_FOR_IPHONE_IPAD = NO;
				SUPPORTS_XR_DESIGNED_FOR_IPHONE_IPAD = NO;
				SWIFT_EMIT_LOC_STRINGS = YES;
				SWIFT_VERSION = 5.0;
				TARGETED_DEVICE_FAMILY = 1;
			};
			name = Debug;
		};
		48E077752B6958EC005DBC29 /* Release */ = {
			isa = XCBuildConfiguration;
			buildSettings = {
				ASSETCATALOG_COMPILER_APPICON_NAME = AppIcon;
				ASSETCATALOG_COMPILER_GLOBAL_ACCENT_COLOR_NAME = AccentColor;
				CODE_SIGN_STYLE = Automatic;
				CURRENT_PROJECT_VERSION = 1;
				GENERATE_INFOPLIST_FILE = YES;
				INFOPLIST_FILE = NBAPlayers/App/Info.plist;
				INFOPLIST_KEY_UIApplicationSupportsIndirectInputEvents = YES;
				INFOPLIST_KEY_UILaunchStoryboardName = LaunchScreen;
				INFOPLIST_KEY_UIMainStoryboardFile = Main;
				INFOPLIST_KEY_UISupportedInterfaceOrientations = UIInterfaceOrientationPortrait;
				INFOPLIST_KEY_UISupportedInterfaceOrientations_iPad = "UIInterfaceOrientationLandscapeLeft UIInterfaceOrientationLandscapeRight UIInterfaceOrientationPortrait UIInterfaceOrientationPortraitUpsideDown";
				LD_RUNPATH_SEARCH_PATHS = (
					"$(inherited)",
					"@executable_path/Frameworks",
				);
				MARKETING_VERSION = 1.0;
				PRODUCT_BUNDLE_IDENTIFIER = utkina.NBAPlayers;
				PRODUCT_NAME = "$(TARGET_NAME)";
				SUPPORTED_PLATFORMS = "iphoneos iphonesimulator";
				SUPPORTS_MACCATALYST = NO;
				SUPPORTS_MAC_DESIGNED_FOR_IPHONE_IPAD = NO;
				SUPPORTS_XR_DESIGNED_FOR_IPHONE_IPAD = NO;
				SWIFT_EMIT_LOC_STRINGS = YES;
				SWIFT_VERSION = 5.0;
				TARGETED_DEVICE_FAMILY = 1;
			};
			name = Release;
		};
/* End XCBuildConfiguration section */

/* Begin XCConfigurationList section */
		48E0775A2B6958E9005DBC29 /* Build configuration list for PBXProject "NBAPlayers" */ = {
			isa = XCConfigurationList;
			buildConfigurations = (
				48E077712B6958EC005DBC29 /* Debug */,
				48E077722B6958EC005DBC29 /* Release */,
			);
			defaultConfigurationIsVisible = 0;
			defaultConfigurationName = Release;
		};
		48E077732B6958EC005DBC29 /* Build configuration list for PBXNativeTarget "NBAPlayers" */ = {
			isa = XCConfigurationList;
			buildConfigurations = (
				48E077742B6958EC005DBC29 /* Debug */,
				48E077752B6958EC005DBC29 /* Release */,
			);
			defaultConfigurationIsVisible = 0;
			defaultConfigurationName = Release;
		};
/* End XCConfigurationList section */
	};
	rootObject = 48E077572B6958E9005DBC29 /* Project object */;
}
